<?xml version="1.0" encoding="utf-8"?>
<Project ToolsVersion="4.0" xmlns="http://schemas.microsoft.com/developer/msbuild/2003">
  <ItemGroup>
    <Filter Include="Source Files">
      <UniqueIdentifier>{4FC737F1-C7A5-4376-A066-2A32D752A2FF}</UniqueIdentifier>
      <Extensions>cpp;c;cc;cxx;def;odl;idl;hpj;bat;asm;asmx</Extensions>
    </Filter>
    <Filter Include="Header Files">
      <UniqueIdentifier>{93995380-89BD-4b04-88EB-625FBE52EBFB}</UniqueIdentifier>
      <Extensions>h;hh;hpp;hxx;hm;inl;inc;xsd</Extensions>
    </Filter>
    <Filter Include="Resource Files">
      <UniqueIdentifier>{67DA6AB6-F800-4c08-8B7A-83BB121AAD01}</UniqueIdentifier>
      <Extensions>rc;ico;cur;bmp;dlg;rc2;rct;bin;rgs;gif;jpg;jpeg;jpe;resx;tiff;tif;png;wav;mfcribbon-ms</Extensions>
    </Filter>
    <Filter Include="Source Files\System">
      <UniqueIdentifier>{758d4680-b5cd-430e-8bf6-3bf1babc88b3}</UniqueIdentifier>
    </Filter>
    <Filter Include="Header Files\System">
      <UniqueIdentifier>{fabcd501-1531-427f-99e6-4beda3bb0354}</UniqueIdentifier>
    </Filter>
<<<<<<< HEAD
    <Filter Include="Header Files\Scene">
      <UniqueIdentifier>{b2e49206-86d5-4abe-9b43-4c71ca50657a}</UniqueIdentifier>
    </Filter>
    <Filter Include="Source Files\Scene">
      <UniqueIdentifier>{3d8469cf-9a79-4256-8faa-347c62ee82c1}</UniqueIdentifier>
=======
    <Filter Include="Header Files\Player">
      <UniqueIdentifier>{6faec4f6-7b02-4e7e-b410-e7bf09e718c2}</UniqueIdentifier>
    </Filter>
    <Filter Include="Source Files\Player">
      <UniqueIdentifier>{89cb76f2-c1e6-4b4f-95b6-2fab258183d5}</UniqueIdentifier>
>>>>>>> Added empty Player class
    </Filter>
  </ItemGroup>
  <ItemGroup>
    <ClCompile Include="src\main.cpp">
      <Filter>Source Files\System</Filter>
    </ClCompile>
<<<<<<< HEAD
    <ClCompile Include="src\scene.cpp">
      <Filter>Source Files\Scene</Filter>
    </ClCompile>
  </ItemGroup>
  <ItemGroup>
    <ClInclude Include="include\scene.h">
      <Filter>Header Files\Scene</Filter>
=======
    <ClCompile Include="src\player.cpp">
      <Filter>Source Files\Player</Filter>
    </ClCompile>
    <ClCompile Include="src\robot.cpp">
      <Filter>Source Files\Player</Filter>
    </ClCompile>
  </ItemGroup>
  <ItemGroup>
    <ClInclude Include="include\player.h">
      <Filter>Header Files\Player</Filter>
>>>>>>> Added empty Player class
    </ClInclude>
    <ClInclude Include="include\robot.h">
      <Filter>Header Files\Player</Filter>
    </ClInclude>
  </ItemGroup>
</Project>