<?xml version="1.0" encoding="utf-8"?>
<Project ToolsVersion="4.0" xmlns="http://schemas.microsoft.com/developer/msbuild/2003">
  <ItemGroup>
    <Filter Include="Source Files">
      <UniqueIdentifier>{75fa1743-f3c5-4507-a575-cbbbda6aef68}</UniqueIdentifier>
    </Filter>
    <Filter Include="Header Files">
      <UniqueIdentifier>{7f066c0c-b054-4b03-b6bc-12c23d94f60c}</UniqueIdentifier>
    </Filter>
    <Filter Include="Resource Files">
      <UniqueIdentifier>{ecefd71d-7dad-425a-8254-8317b1e3e1a5}</UniqueIdentifier>
    </Filter>
    <Filter Include="Header Files\System">
      <UniqueIdentifier>{05cd3624-59c4-44ad-9559-98a1f880dd1d}</UniqueIdentifier>
    </Filter>
    <Filter Include="Source Files\System">
      <UniqueIdentifier>{96dba168-1fe9-49e9-a415-0f55fce78102}</UniqueIdentifier>
    </Filter>
    <Filter Include="Source Files\Scene">
      <UniqueIdentifier>{f031343c-010b-41b1-8997-a35d26732575}</UniqueIdentifier>
    </Filter>
    <Filter Include="Header Files\Scene">
      <UniqueIdentifier>{53750c76-ea29-4b49-9978-119622618ea1}</UniqueIdentifier>
    </Filter>
    <Filter Include="Header Files\Scene\Player">
      <UniqueIdentifier>{53fe99af-ccbc-4461-b8df-470c6b5323ac}</UniqueIdentifier>
    </Filter>
    <Filter Include="Source Files\Scene\Player">
      <UniqueIdentifier>{27f0d472-6309-49a0-88a8-aed603c84253}</UniqueIdentifier>
    </Filter>
  </ItemGroup>
  <ItemGroup>
    <ClCompile Include="src\main.cpp">
      <Filter>Source Files\System</Filter>
    </ClCompile>
    <ClCompile Include="src\player.cpp">
      <Filter>Source Files\Scene\Player</Filter>
    </ClCompile>
    <ClCompile Include="src\robot.cpp">
      <Filter>Source Files\Scene\Player</Filter>
    </ClCompile>
    <ClCompile Include="src\scene.cpp">
      <Filter>Source Files\Scene</Filter>
    </ClCompile>
    <ClCompile Include="src\model.cpp">
      <Filter>Source Files\Scene</Filter>
    </ClCompile>
  </ItemGroup>
  <ItemGroup>
    <ClInclude Include="include\robot.h">
      <Filter>Header Files\Scene\Player</Filter>
    </ClInclude>
    <ClInclude Include="include\player.h">
      <Filter>Header Files\Scene\Player</Filter>
    </ClInclude>
    <ClInclude Include="include\model.h">
      <Filter>Header Files\Scene</Filter>
    </ClInclude>
    <ClInclude Include="include\scene.h">
      <Filter>Header Files\Scene</Filter>
    </ClInclude>
  </ItemGroup>
</Project>